PODS:
  - Firebase/Analytics (10.10.0):
    - Firebase/Core
  - Firebase/Auth (10.10.0):
    - Firebase/CoreOnly
    - FirebaseAuth (~> 10.10.0)
  - Firebase/Core (10.10.0):
    - Firebase/CoreOnly
    - FirebaseAnalytics (~> 10.10.0)
  - Firebase/CoreOnly (10.10.0):
    - FirebaseCore (= 10.10.0)
  - Firebase/Database (10.10.0):
    - Firebase/CoreOnly
    - FirebaseDatabase (~> 10.10.0)
  - Firebase/Storage (10.10.0):
    - Firebase/CoreOnly
    - FirebaseStorage (~> 10.10.0)
  - firebase_analytics (10.4.3):
    - Firebase/Analytics (= 10.10.0)
    - firebase_core
    - FlutterMacOS
  - firebase_auth (4.6.3):
    - Firebase/Auth (~> 10.10.0)
    - Firebase/CoreOnly (~> 10.10.0)
    - firebase_core
    - FlutterMacOS
  - firebase_core (2.14.0):
    - Firebase/CoreOnly (~> 10.10.0)
    - FlutterMacOS
  - firebase_database (10.2.3):
    - Firebase/CoreOnly (~> 10.10.0)
    - Firebase/Database (~> 10.10.0)
    - firebase_core
    - FlutterMacOS
  - firebase_storage (11.2.4):
    - Firebase/CoreOnly (~> 10.10.0)
    - Firebase/Storage (~> 10.10.0)
    - firebase_core
    - FlutterMacOS
  - FirebaseAnalytics (10.10.0):
    - FirebaseAnalytics/AdIdSupport (= 10.10.0)
    - FirebaseCore (~> 10.0)
    - FirebaseInstallations (~> 10.0)
    - GoogleUtilities/AppDelegateSwizzler (~> 7.11)
    - GoogleUtilities/MethodSwizzler (~> 7.11)
    - GoogleUtilities/Network (~> 7.11)
    - "GoogleUtilities/NSData+zlib (~> 7.11)"
    - nanopb (< 2.30910.0, >= 2.30908.0)
  - FirebaseAnalytics/AdIdSupport (10.10.0):
    - FirebaseCore (~> 10.0)
    - FirebaseInstallations (~> 10.0)
    - GoogleAppMeasurement (= 10.10.0)
    - GoogleUtilities/AppDelegateSwizzler (~> 7.11)
    - GoogleUtilities/MethodSwizzler (~> 7.11)
    - GoogleUtilities/Network (~> 7.11)
    - "GoogleUtilities/NSData+zlib (~> 7.11)"
    - nanopb (< 2.30910.0, >= 2.30908.0)
  - FirebaseAppCheckInterop (10.11.0)
  - FirebaseAuth (10.10.0):
    - FirebaseAppCheckInterop (~> 10.0)
    - FirebaseCore (~> 10.0)
    - GoogleUtilities/AppDelegateSwizzler (~> 7.8)
    - GoogleUtilities/Environment (~> 7.8)
    - GTMSessionFetcher/Core (< 4.0, >= 2.1)
  - FirebaseAuthInterop (10.11.0)
  - FirebaseCore (10.10.0):
    - FirebaseCoreInternal (~> 10.0)
    - GoogleUtilities/Environment (~> 7.8)
    - GoogleUtilities/Logger (~> 7.8)
  - FirebaseCoreExtension (10.11.0):
    - FirebaseCore (~> 10.0)
  - FirebaseCoreInternal (10.11.0):
    - "GoogleUtilities/NSData+zlib (~> 7.8)"
  - FirebaseDatabase (10.10.0):
    - FirebaseCore (~> 10.0)
    - leveldb-library (~> 1.22)
  - FirebaseInstallations (10.11.0):
    - FirebaseCore (~> 10.0)
    - GoogleUtilities/Environment (~> 7.8)
    - GoogleUtilities/UserDefaults (~> 7.8)
    - PromisesObjC (~> 2.1)
  - FirebaseStorage (10.10.0):
    - FirebaseAppCheckInterop (~> 10.0)
    - FirebaseAuthInterop (~> 10.0)
    - FirebaseCore (~> 10.0)
    - FirebaseCoreExtension (~> 10.0)
    - GTMSessionFetcher/Core (< 4.0, >= 2.1)
  - FlutterMacOS (1.0.0)
  - GoogleAppMeasurement (10.10.0):
    - GoogleAppMeasurement/AdIdSupport (= 10.10.0)
    - GoogleUtilities/AppDelegateSwizzler (~> 7.11)
    - GoogleUtilities/MethodSwizzler (~> 7.11)
    - GoogleUtilities/Network (~> 7.11)
    - "GoogleUtilities/NSData+zlib (~> 7.11)"
    - nanopb (< 2.30910.0, >= 2.30908.0)
  - GoogleAppMeasurement/AdIdSupport (10.10.0):
    - GoogleAppMeasurement/WithoutAdIdSupport (= 10.10.0)
    - GoogleUtilities/AppDelegateSwizzler (~> 7.11)
    - GoogleUtilities/MethodSwizzler (~> 7.11)
    - GoogleUtilities/Network (~> 7.11)
    - "GoogleUtilities/NSData+zlib (~> 7.11)"
    - nanopb (< 2.30910.0, >= 2.30908.0)
  - GoogleAppMeasurement/WithoutAdIdSupport (10.10.0):
    - GoogleUtilities/AppDelegateSwizzler (~> 7.11)
    - GoogleUtilities/MethodSwizzler (~> 7.11)
    - GoogleUtilities/Network (~> 7.11)
    - "GoogleUtilities/NSData+zlib (~> 7.11)"
    - nanopb (< 2.30910.0, >= 2.30908.0)
  - GoogleUtilities/AppDelegateSwizzler (7.11.1):
    - GoogleUtilities/Environment
    - GoogleUtilities/Logger
    - GoogleUtilities/Network
  - GoogleUtilities/Environment (7.11.1):
    - PromisesObjC (< 3.0, >= 1.2)
  - GoogleUtilities/Logger (7.11.1):
    - GoogleUtilities/Environment
  - GoogleUtilities/MethodSwizzler (7.11.1):
    - GoogleUtilities/Logger
  - GoogleUtilities/Network (7.11.1):
    - GoogleUtilities/Logger
    - "GoogleUtilities/NSData+zlib"
    - GoogleUtilities/Reachability
  - "GoogleUtilities/NSData+zlib (7.11.1)"
  - GoogleUtilities/Reachability (7.11.1):
    - GoogleUtilities/Logger
  - GoogleUtilities/UserDefaults (7.11.1):
    - GoogleUtilities/Logger
  - GTMSessionFetcher/Core (3.1.1)
  - isar_flutter_libs (1.0.0):
    - FlutterMacOS
  - leveldb-library (1.22.2)
  - nanopb (2.30909.0):
    - nanopb/decode (= 2.30909.0)
    - nanopb/encode (= 2.30909.0)
  - nanopb/decode (2.30909.0)
  - nanopb/encode (2.30909.0)
  - path_provider_foundation (0.0.1):
    - Flutter
    - FlutterMacOS
  - PromisesObjC (2.2.0)
  - shared_preferences_foundation (0.0.1):
    - Flutter
    - FlutterMacOS

DEPENDENCIES:
  - firebase_analytics (from `Flutter/ephemeral/.symlinks/plugins/firebase_analytics/macos`)
  - firebase_auth (from `Flutter/ephemeral/.symlinks/plugins/firebase_auth/macos`)
  - firebase_core (from `Flutter/ephemeral/.symlinks/plugins/firebase_core/macos`)
  - firebase_database (from `Flutter/ephemeral/.symlinks/plugins/firebase_database/macos`)
  - firebase_storage (from `Flutter/ephemeral/.symlinks/plugins/firebase_storage/macos`)
  - FlutterMacOS (from `Flutter/ephemeral`)
  - isar_flutter_libs (from `Flutter/ephemeral/.symlinks/plugins/isar_flutter_libs/macos`)
  - path_provider_foundation (from `Flutter/ephemeral/.symlinks/plugins/path_provider_foundation/darwin`)
  - shared_preferences_foundation (from `Flutter/ephemeral/.symlinks/plugins/shared_preferences_foundation/darwin`)

SPEC REPOS:
  trunk:
    - Firebase
    - FirebaseAnalytics
    - FirebaseAppCheckInterop
    - FirebaseAuth
    - FirebaseAuthInterop
    - FirebaseCore
    - FirebaseCoreExtension
    - FirebaseCoreInternal
    - FirebaseDatabase
    - FirebaseInstallations
    - FirebaseStorage
    - GoogleAppMeasurement
    - GoogleUtilities
    - GTMSessionFetcher
    - leveldb-library
    - nanopb
    - PromisesObjC

EXTERNAL SOURCES:
  firebase_analytics:
    :path: Flutter/ephemeral/.symlinks/plugins/firebase_analytics/macos
  firebase_auth:
    :path: Flutter/ephemeral/.symlinks/plugins/firebase_auth/macos
  firebase_core:
    :path: Flutter/ephemeral/.symlinks/plugins/firebase_core/macos
  firebase_database:
    :path: Flutter/ephemeral/.symlinks/plugins/firebase_database/macos
  firebase_storage:
    :path: Flutter/ephemeral/.symlinks/plugins/firebase_storage/macos
  FlutterMacOS:
    :path: Flutter/ephemeral
  isar_flutter_libs:
    :path: Flutter/ephemeral/.symlinks/plugins/isar_flutter_libs/macos
  path_provider_foundation:
    :path: Flutter/ephemeral/.symlinks/plugins/path_provider_foundation/darwin
  shared_preferences_foundation:
    :path: Flutter/ephemeral/.symlinks/plugins/shared_preferences_foundation/darwin

SPEC CHECKSUMS:
  Firebase: facd334e557a979bd03a0b58d90fd56b52b8aba0
  firebase_analytics: 7a2bc23cae09f19a25d052f6f531c32677ac4570
  firebase_auth: ff29d8b08bd40ea857980c5e838c48ba3c535f7c
  firebase_core: 33b1cfa8f29afeada24bacee69c3b27e7292346b
  firebase_database: cd8d571d0a83e7f6ccec200da2a20d64040e1b42
  firebase_storage: 5eb451d1021445aed19b84e8dd2fbea7e424a02a
  FirebaseAnalytics: 7bc7de519111dae802f5bc0c9c083918f8b8870d
  FirebaseAppCheckInterop: 255b6c0292fe5da995c8b2df0c02f6a3ca7f61b4
  FirebaseAuth: 5ddbe23ebc4e647469261f5c59cd12a04f37c8e6
  FirebaseAuthInterop: 44e34efef7145776a107b9e7f79ed44beb4738fa
  FirebaseCore: d027ff503d37edb78db98429b11f580a24a7df2a
  FirebaseCoreExtension: cacdad57fdb60e0b86dcbcac058ec78237946759
  FirebaseCoreInternal: 9e46c82a14a3b3a25be4e1e151ce6d21536b89c0
  FirebaseDatabase: c3f61dfb9dbd2e8a2804454283d493e9372f1465
  FirebaseInstallations: 2a2c6859354cbec0a228a863d4daf6de7c74ced4
  FirebaseStorage: a12297f786e81e653864d87723ec30381eb90220
  FlutterMacOS: 8f6f14fa908a6fb3fba0cd85dbd81ec4b251fb24
  GoogleAppMeasurement: bbbfd4bcb2b40ae9b772c3b0823a58c1e3d618f9
  GoogleUtilities: 9aa0ad5a7bc171f8bae016300bfcfa3fb8425749
  GTMSessionFetcher: e8647203b65cee28c5f73d0f473d096653945e72
  isar_flutter_libs: 43385c99864c168fadba7c9adeddc5d38838ca6a
  leveldb-library: f03246171cce0484482ec291f88b6d563699ee06
  nanopb: b552cce312b6c8484180ef47159bc0f65a1f0431
  path_provider_foundation: eaf5b3e458fc0e5fbb9940fb09980e853fe058b8
  PromisesObjC: 09985d6d70fbe7878040aa746d78236e6946d2ef
  shared_preferences_foundation: 5b919d13b803cadd15ed2dc053125c68730e5126

PODFILE CHECKSUM: 236401fc2c932af29a9fcf0e97baeeb2d750d367

COCOAPODS: 1.11.3
